// !$*UTF8*$!
{
	archiveVersion = 1;
	classes = {
	};
	objectVersion = 50;
	objects = {

/* Begin PBXBuildFile section */
		4D5855A32620A87400F18230 /* TWTableViewCell.swift in Sources */ = {isa = PBXBuildFile; fileRef = 4D5855A22620A87400F18230 /* TWTableViewCell.swift */; };
		4D5855A82620B5BD00F18230 /* MapKitExtensions.swift in Sources */ = {isa = PBXBuildFile; fileRef = 4D5855A72620B5BD00F18230 /* MapKitExtensions.swift */; };
		4DB6EB9B26200CF9004CF5F8 /* AppDelegate.swift in Sources */ = {isa = PBXBuildFile; fileRef = 4DB6EB9A26200CF9004CF5F8 /* AppDelegate.swift */; };
		4DB6EB9D26200CF9004CF5F8 /* SceneDelegate.swift in Sources */ = {isa = PBXBuildFile; fileRef = 4DB6EB9C26200CF9004CF5F8 /* SceneDelegate.swift */; };
		4DB6EB9F26200CF9004CF5F8 /* ViewController.swift in Sources */ = {isa = PBXBuildFile; fileRef = 4DB6EB9E26200CF9004CF5F8 /* ViewController.swift */; };
		4DB6EBA226200CF9004CF5F8 /* Main.storyboard in Resources */ = {isa = PBXBuildFile; fileRef = 4DB6EBA026200CF9004CF5F8 /* Main.storyboard */; };
		4DB6EBA426200CFD004CF5F8 /* Assets.xcassets in Resources */ = {isa = PBXBuildFile; fileRef = 4DB6EBA326200CFD004CF5F8 /* Assets.xcassets */; };
		4DB6EBA726200CFE004CF5F8 /* LaunchScreen.storyboard in Resources */ = {isa = PBXBuildFile; fileRef = 4DB6EBA526200CFE004CF5F8 /* LaunchScreen.storyboard */; };
		4DB6EBB226200CFF004CF5F8 /* TwitterFollowMapTests.swift in Sources */ = {isa = PBXBuildFile; fileRef = 4DB6EBB126200CFF004CF5F8 /* TwitterFollowMapTests.swift */; };
		4DB6EBBD26200CFF004CF5F8 /* TwitterFollowMapUITests.swift in Sources */ = {isa = PBXBuildFile; fileRef = 4DB6EBBC26200CFF004CF5F8 /* TwitterFollowMapUITests.swift */; };
		4DB6EBCF26200DD5004CF5F8 /* TwitterModel.swift in Sources */ = {isa = PBXBuildFile; fileRef = 4DB6EBCE26200DD5004CF5F8 /* TwitterModel.swift */; };
		4DB6EBD726200E3F004CF5F8 /* TwitterAnnotation.swift in Sources */ = {isa = PBXBuildFile; fileRef = 4DB6EBD626200E3F004CF5F8 /* TwitterAnnotation.swift */; };
		4DB6EBDD26201132004CF5F8 /* ViewModel.swift in Sources */ = {isa = PBXBuildFile; fileRef = 4DB6EBDC26201132004CF5F8 /* ViewModel.swift */; };
/* End PBXBuildFile section */

/* Begin PBXContainerItemProxy section */
		4DB6EBAE26200CFF004CF5F8 /* PBXContainerItemProxy */ = {
			isa = PBXContainerItemProxy;
			containerPortal = 4DB6EB8F26200CF9004CF5F8 /* Project object */;
			proxyType = 1;
			remoteGlobalIDString = 4DB6EB9626200CF9004CF5F8;
			remoteInfo = TwitterFollowMap;
		};
		4DB6EBB926200CFF004CF5F8 /* PBXContainerItemProxy */ = {
			isa = PBXContainerItemProxy;
			containerPortal = 4DB6EB8F26200CF9004CF5F8 /* Project object */;
			proxyType = 1;
			remoteGlobalIDString = 4DB6EB9626200CF9004CF5F8;
			remoteInfo = TwitterFollowMap;
		};
/* End PBXContainerItemProxy section */

/* Begin PBXFileReference section */
		4D5855A22620A87400F18230 /* TWTableViewCell.swift */ = {isa = PBXFileReference; lastKnownFileType = sourcecode.swift; path = TWTableViewCell.swift; sourceTree = "<group>"; };
		4D5855A72620B5BD00F18230 /* MapKitExtensions.swift */ = {isa = PBXFileReference; lastKnownFileType = sourcecode.swift; path = MapKitExtensions.swift; sourceTree = "<group>"; };
		4DB6EB9726200CF9004CF5F8 /* TwitterFollowMap.app */ = {isa = PBXFileReference; explicitFileType = wrapper.application; includeInIndex = 0; path = TwitterFollowMap.app; sourceTree = BUILT_PRODUCTS_DIR; };
		4DB6EB9A26200CF9004CF5F8 /* AppDelegate.swift */ = {isa = PBXFileReference; lastKnownFileType = sourcecode.swift; path = AppDelegate.swift; sourceTree = "<group>"; };
		4DB6EB9C26200CF9004CF5F8 /* SceneDelegate.swift */ = {isa = PBXFileReference; lastKnownFileType = sourcecode.swift; path = SceneDelegate.swift; sourceTree = "<group>"; };
		4DB6EB9E26200CF9004CF5F8 /* ViewController.swift */ = {isa = PBXFileReference; lastKnownFileType = sourcecode.swift; path = ViewController.swift; sourceTree = "<group>"; };
		4DB6EBA126200CF9004CF5F8 /* Base */ = {isa = PBXFileReference; lastKnownFileType = file.storyboard; name = Base; path = Base.lproj/Main.storyboard; sourceTree = "<group>"; };
		4DB6EBA326200CFD004CF5F8 /* Assets.xcassets */ = {isa = PBXFileReference; lastKnownFileType = folder.assetcatalog; path = Assets.xcassets; sourceTree = "<group>"; };
		4DB6EBA626200CFE004CF5F8 /* Base */ = {isa = PBXFileReference; lastKnownFileType = file.storyboard; name = Base; path = Base.lproj/LaunchScreen.storyboard; sourceTree = "<group>"; };
		4DB6EBA826200CFE004CF5F8 /* Info.plist */ = {isa = PBXFileReference; lastKnownFileType = text.plist.xml; path = Info.plist; sourceTree = "<group>"; };
		4DB6EBAD26200CFF004CF5F8 /* TwitterFollowMapTests.xctest */ = {isa = PBXFileReference; explicitFileType = wrapper.cfbundle; includeInIndex = 0; path = TwitterFollowMapTests.xctest; sourceTree = BUILT_PRODUCTS_DIR; };
		4DB6EBB126200CFF004CF5F8 /* TwitterFollowMapTests.swift */ = {isa = PBXFileReference; lastKnownFileType = sourcecode.swift; path = TwitterFollowMapTests.swift; sourceTree = "<group>"; };
		4DB6EBB326200CFF004CF5F8 /* Info.plist */ = {isa = PBXFileReference; lastKnownFileType = text.plist.xml; path = Info.plist; sourceTree = "<group>"; };
		4DB6EBB826200CFF004CF5F8 /* TwitterFollowMapUITests.xctest */ = {isa = PBXFileReference; explicitFileType = wrapper.cfbundle; includeInIndex = 0; path = TwitterFollowMapUITests.xctest; sourceTree = BUILT_PRODUCTS_DIR; };
		4DB6EBBC26200CFF004CF5F8 /* TwitterFollowMapUITests.swift */ = {isa = PBXFileReference; lastKnownFileType = sourcecode.swift; path = TwitterFollowMapUITests.swift; sourceTree = "<group>"; };
		4DB6EBBE26200CFF004CF5F8 /* Info.plist */ = {isa = PBXFileReference; lastKnownFileType = text.plist.xml; path = Info.plist; sourceTree = "<group>"; };
		4DB6EBCE26200DD5004CF5F8 /* TwitterModel.swift */ = {isa = PBXFileReference; lastKnownFileType = sourcecode.swift; path = TwitterModel.swift; sourceTree = "<group>"; };
		4DB6EBD626200E3F004CF5F8 /* TwitterAnnotation.swift */ = {isa = PBXFileReference; lastKnownFileType = sourcecode.swift; path = TwitterAnnotation.swift; sourceTree = "<group>"; };
		4DB6EBDC26201132004CF5F8 /* ViewModel.swift */ = {isa = PBXFileReference; lastKnownFileType = sourcecode.swift; path = ViewModel.swift; sourceTree = "<group>"; };
/* End PBXFileReference section */

/* Begin PBXFrameworksBuildPhase section */
		4DB6EB9426200CF9004CF5F8 /* Frameworks */ = {
			isa = PBXFrameworksBuildPhase;
			buildActionMask = 2147483647;
			files = (
			);
			runOnlyForDeploymentPostprocessing = 0;
		};
		4DB6EBAA26200CFF004CF5F8 /* Frameworks */ = {
			isa = PBXFrameworksBuildPhase;
			buildActionMask = 2147483647;
			files = (
			);
			runOnlyForDeploymentPostprocessing = 0;
		};
		4DB6EBB526200CFF004CF5F8 /* Frameworks */ = {
			isa = PBXFrameworksBuildPhase;
			buildActionMask = 2147483647;
			files = (
			);
			runOnlyForDeploymentPostprocessing = 0;
		};
/* End PBXFrameworksBuildPhase section */

/* Begin PBXGroup section */
		4DB6EB8E26200CF9004CF5F8 = {
			isa = PBXGroup;
			children = (
				4DB6EB9926200CF9004CF5F8 /* TwitterFollowMap */,
				4DB6EBB026200CFF004CF5F8 /* TwitterFollowMapTests */,
				4DB6EBBB26200CFF004CF5F8 /* TwitterFollowMapUITests */,
				4DB6EB9826200CF9004CF5F8 /* Products */,
			);
			sourceTree = "<group>";
		};
		4DB6EB9826200CF9004CF5F8 /* Products */ = {
			isa = PBXGroup;
			children = (
				4DB6EB9726200CF9004CF5F8 /* TwitterFollowMap.app */,
				4DB6EBAD26200CFF004CF5F8 /* TwitterFollowMapTests.xctest */,
				4DB6EBB826200CFF004CF5F8 /* TwitterFollowMapUITests.xctest */,
			);
			name = Products;
			sourceTree = "<group>";
		};
		4DB6EB9926200CF9004CF5F8 /* TwitterFollowMap */ = {
			isa = PBXGroup;
			children = (
				4DB6EBE12620113A004CF5F8 /* VIewModel */,
				4DB6EBCD26200DBB004CF5F8 /* Model */,
				4DB6EB9A26200CF9004CF5F8 /* AppDelegate.swift */,
				4DB6EB9C26200CF9004CF5F8 /* SceneDelegate.swift */,
				4DB6EB9E26200CF9004CF5F8 /* ViewController.swift */,
				4DB6EBA026200CF9004CF5F8 /* Main.storyboard */,
				4DB6EBA326200CFD004CF5F8 /* Assets.xcassets */,
				4DB6EBA526200CFE004CF5F8 /* LaunchScreen.storyboard */,
				4DB6EBA826200CFE004CF5F8 /* Info.plist */,
				4D5855A22620A87400F18230 /* TWTableViewCell.swift */,
				4D5855A72620B5BD00F18230 /* MapKitExtensions.swift */,
			);
			path = TwitterFollowMap;
			sourceTree = "<group>";
		};
		4DB6EBB026200CFF004CF5F8 /* TwitterFollowMapTests */ = {
			isa = PBXGroup;
			children = (
				4DB6EBB126200CFF004CF5F8 /* TwitterFollowMapTests.swift */,
				4DB6EBB326200CFF004CF5F8 /* Info.plist */,
			);
			path = TwitterFollowMapTests;
			sourceTree = "<group>";
		};
		4DB6EBBB26200CFF004CF5F8 /* TwitterFollowMapUITests */ = {
			isa = PBXGroup;
			children = (
				4DB6EBBC26200CFF004CF5F8 /* TwitterFollowMapUITests.swift */,
				4DB6EBBE26200CFF004CF5F8 /* Info.plist */,
			);
			path = TwitterFollowMapUITests;
			sourceTree = "<group>";
		};
		4DB6EBCD26200DBB004CF5F8 /* Model */ = {
			isa = PBXGroup;
			children = (
				4DB6EBCE26200DD5004CF5F8 /* TwitterModel.swift */,
				4DB6EBD626200E3F004CF5F8 /* TwitterAnnotation.swift */,
			);
			path = Model;
			sourceTree = "<group>";
		};
		4DB6EBE12620113A004CF5F8 /* VIewModel */ = {
			isa = PBXGroup;
			children = (
				4DB6EBDC26201132004CF5F8 /* ViewModel.swift */,
			);
			path = VIewModel;
			sourceTree = "<group>";
		};
/* End PBXGroup section */

/* Begin PBXNativeTarget section */
		4DB6EB9626200CF9004CF5F8 /* TwitterFollowMap */ = {
			isa = PBXNativeTarget;
			buildConfigurationList = 4DB6EBC126200CFF004CF5F8 /* Build configuration list for PBXNativeTarget "TwitterFollowMap" */;
			buildPhases = (
				4DB6EB9326200CF9004CF5F8 /* Sources */,
				4DB6EB9426200CF9004CF5F8 /* Frameworks */,
				4DB6EB9526200CF9004CF5F8 /* Resources */,
			);
			buildRules = (
			);
			dependencies = (
			);
			name = TwitterFollowMap;
			productName = TwitterFollowMap;
			productReference = 4DB6EB9726200CF9004CF5F8 /* TwitterFollowMap.app */;
			productType = "com.apple.product-type.application";
		};
		4DB6EBAC26200CFF004CF5F8 /* TwitterFollowMapTests */ = {
			isa = PBXNativeTarget;
			buildConfigurationList = 4DB6EBC426200CFF004CF5F8 /* Build configuration list for PBXNativeTarget "TwitterFollowMapTests" */;
			buildPhases = (
				4DB6EBA926200CFF004CF5F8 /* Sources */,
				4DB6EBAA26200CFF004CF5F8 /* Frameworks */,
				4DB6EBAB26200CFF004CF5F8 /* Resources */,
			);
			buildRules = (
			);
			dependencies = (
				4DB6EBAF26200CFF004CF5F8 /* PBXTargetDependency */,
			);
			name = TwitterFollowMapTests;
			productName = TwitterFollowMapTests;
			productReference = 4DB6EBAD26200CFF004CF5F8 /* TwitterFollowMapTests.xctest */;
			productType = "com.apple.product-type.bundle.unit-test";
		};
		4DB6EBB726200CFF004CF5F8 /* TwitterFollowMapUITests */ = {
			isa = PBXNativeTarget;
			buildConfigurationList = 4DB6EBC726200CFF004CF5F8 /* Build configuration list for PBXNativeTarget "TwitterFollowMapUITests" */;
			buildPhases = (
				4DB6EBB426200CFF004CF5F8 /* Sources */,
				4DB6EBB526200CFF004CF5F8 /* Frameworks */,
				4DB6EBB626200CFF004CF5F8 /* Resources */,
			);
			buildRules = (
			);
			dependencies = (
				4DB6EBBA26200CFF004CF5F8 /* PBXTargetDependency */,
			);
			name = TwitterFollowMapUITests;
			productName = TwitterFollowMapUITests;
			productReference = 4DB6EBB826200CFF004CF5F8 /* TwitterFollowMapUITests.xctest */;
			productType = "com.apple.product-type.bundle.ui-testing";
		};
/* End PBXNativeTarget section */

/* Begin PBXProject section */
		4DB6EB8F26200CF9004CF5F8 /* Project object */ = {
			isa = PBXProject;
			attributes = {
				LastSwiftUpdateCheck = 1240;
				LastUpgradeCheck = 1240;
				TargetAttributes = {
					4DB6EB9626200CF9004CF5F8 = {
						CreatedOnToolsVersion = 12.4;
					};
					4DB6EBAC26200CFF004CF5F8 = {
						CreatedOnToolsVersion = 12.4;
						TestTargetID = 4DB6EB9626200CF9004CF5F8;
					};
					4DB6EBB726200CFF004CF5F8 = {
						CreatedOnToolsVersion = 12.4;
						TestTargetID = 4DB6EB9626200CF9004CF5F8;
					};
				};
			};
			buildConfigurationList = 4DB6EB9226200CF9004CF5F8 /* Build configuration list for PBXProject "TwitterFollowMap" */;
			compatibilityVersion = "Xcode 9.3";
			developmentRegion = en;
			hasScannedForEncodings = 0;
			knownRegions = (
				en,
				Base,
			);
			mainGroup = 4DB6EB8E26200CF9004CF5F8;
			productRefGroup = 4DB6EB9826200CF9004CF5F8 /* Products */;
			projectDirPath = "";
			projectRoot = "";
			targets = (
				4DB6EB9626200CF9004CF5F8 /* TwitterFollowMap */,
				4DB6EBAC26200CFF004CF5F8 /* TwitterFollowMapTests */,
				4DB6EBB726200CFF004CF5F8 /* TwitterFollowMapUITests */,
			);
		};
/* End PBXProject section */

/* Begin PBXResourcesBuildPhase section */
		4DB6EB9526200CF9004CF5F8 /* Resources */ = {
			isa = PBXResourcesBuildPhase;
			buildActionMask = 2147483647;
			files = (
				4DB6EBA726200CFE004CF5F8 /* LaunchScreen.storyboard in Resources */,
				4DB6EBA426200CFD004CF5F8 /* Assets.xcassets in Resources */,
				4DB6EBA226200CF9004CF5F8 /* Main.storyboard in Resources */,
			);
			runOnlyForDeploymentPostprocessing = 0;
		};
		4DB6EBAB26200CFF004CF5F8 /* Resources */ = {
			isa = PBXResourcesBuildPhase;
			buildActionMask = 2147483647;
			files = (
			);
			runOnlyForDeploymentPostprocessing = 0;
		};
		4DB6EBB626200CFF004CF5F8 /* Resources */ = {
			isa = PBXResourcesBuildPhase;
			buildActionMask = 2147483647;
			files = (
			);
			runOnlyForDeploymentPostprocessing = 0;
		};
/* End PBXResourcesBuildPhase section */

/* Begin PBXSourcesBuildPhase section */
		4DB6EB9326200CF9004CF5F8 /* Sources */ = {
			isa = PBXSourcesBuildPhase;
			buildActionMask = 2147483647;
			files = (
				4DB6EB9F26200CF9004CF5F8 /* ViewController.swift in Sources */,
				4DB6EBCF26200DD5004CF5F8 /* TwitterModel.swift in Sources */,
				4DB6EB9B26200CF9004CF5F8 /* AppDelegate.swift in Sources */,
				4D5855A32620A87400F18230 /* TWTableViewCell.swift in Sources */,
				4DB6EB9D26200CF9004CF5F8 /* SceneDelegate.swift in Sources */,
				4DB6EBDD26201132004CF5F8 /* ViewModel.swift in Sources */,
				4DB6EBD726200E3F004CF5F8 /* TwitterAnnotation.swift in Sources */,
				4D5855A82620B5BD00F18230 /* MapKitExtensions.swift in Sources */,
			);
			runOnlyForDeploymentPostprocessing = 0;
		};
		4DB6EBA926200CFF004CF5F8 /* Sources */ = {
			isa = PBXSourcesBuildPhase;
			buildActionMask = 2147483647;
			files = (
				4DB6EBB226200CFF004CF5F8 /* TwitterFollowMapTests.swift in Sources */,
			);
			runOnlyForDeploymentPostprocessing = 0;
		};
		4DB6EBB426200CFF004CF5F8 /* Sources */ = {
			isa = PBXSourcesBuildPhase;
			buildActionMask = 2147483647;
			files = (
				4DB6EBBD26200CFF004CF5F8 /* TwitterFollowMapUITests.swift in Sources */,
			);
			runOnlyForDeploymentPostprocessing = 0;
		};
/* End PBXSourcesBuildPhase section */

/* Begin PBXTargetDependency section */
		4DB6EBAF26200CFF004CF5F8 /* PBXTargetDependency */ = {
			isa = PBXTargetDependency;
			target = 4DB6EB9626200CF9004CF5F8 /* TwitterFollowMap */;
			targetProxy = 4DB6EBAE26200CFF004CF5F8 /* PBXContainerItemProxy */;
		};
		4DB6EBBA26200CFF004CF5F8 /* PBXTargetDependency */ = {
			isa = PBXTargetDependency;
			target = 4DB6EB9626200CF9004CF5F8 /* TwitterFollowMap */;
			targetProxy = 4DB6EBB926200CFF004CF5F8 /* PBXContainerItemProxy */;
		};
/* End PBXTargetDependency section */

/* Begin PBXVariantGroup section */
		4DB6EBA026200CF9004CF5F8 /* Main.storyboard */ = {
			isa = PBXVariantGroup;
			children = (
				4DB6EBA126200CF9004CF5F8 /* Base */,
			);
			name = Main.storyboard;
			sourceTree = "<group>";
		};
		4DB6EBA526200CFE004CF5F8 /* LaunchScreen.storyboard */ = {
			isa = PBXVariantGroup;
			children = (
				4DB6EBA626200CFE004CF5F8 /* Base */,
			);
			name = LaunchScreen.storyboard;
			sourceTree = "<group>";
		};
/* End PBXVariantGroup section */

/* Begin XCBuildConfiguration section */
		4DB6EBBF26200CFF004CF5F8 /* Debug */ = {
			isa = XCBuildConfiguration;
			buildSettings = {
				ALWAYS_SEARCH_USER_PATHS = NO;
				CLANG_ANALYZER_NONNULL = YES;
				CLANG_ANALYZER_NUMBER_OBJECT_CONVERSION = YES_AGGRESSIVE;
				CLANG_CXX_LANGUAGE_STANDARD = "gnu++14";
				CLANG_CXX_LIBRARY = "libc++";
				CLANG_ENABLE_MODULES = YES;
				CLANG_ENABLE_OBJC_ARC = YES;
				CLANG_ENABLE_OBJC_WEAK = YES;
				CLANG_WARN_BLOCK_CAPTURE_AUTORELEASING = YES;
				CLANG_WARN_BOOL_CONVERSION = YES;
				CLANG_WARN_COMMA = YES;
				CLANG_WARN_CONSTANT_CONVERSION = YES;
				CLANG_WARN_DEPRECATED_OBJC_IMPLEMENTATIONS = YES;
				CLANG_WARN_DIRECT_OBJC_ISA_USAGE = YES_ERROR;
				CLANG_WARN_DOCUMENTATION_COMMENTS = YES;
				CLANG_WARN_EMPTY_BODY = YES;
				CLANG_WARN_ENUM_CONVERSION = YES;
				CLANG_WARN_INFINITE_RECURSION = YES;
				CLANG_WARN_INT_CONVERSION = YES;
				CLANG_WARN_NON_LITERAL_NULL_CONVERSION = YES;
				CLANG_WARN_OBJC_IMPLICIT_RETAIN_SELF = YES;
				CLANG_WARN_OBJC_LITERAL_CONVERSION = YES;
				CLANG_WARN_OBJC_ROOT_CLASS = YES_ERROR;
				CLANG_WARN_QUOTED_INCLUDE_IN_FRAMEWORK_HEADER = YES;
				CLANG_WARN_RANGE_LOOP_ANALYSIS = YES;
				CLANG_WARN_STRICT_PROTOTYPES = YES;
				CLANG_WARN_SUSPICIOUS_MOVE = YES;
				CLANG_WARN_UNGUARDED_AVAILABILITY = YES_AGGRESSIVE;
				CLANG_WARN_UNREACHABLE_CODE = YES;
				CLANG_WARN__DUPLICATE_METHOD_MATCH = YES;
				COPY_PHASE_STRIP = NO;
				DEBUG_INFORMATION_FORMAT = dwarf;
				ENABLE_STRICT_OBJC_MSGSEND = YES;
				ENABLE_TESTABILITY = YES;
				GCC_C_LANGUAGE_STANDARD = gnu11;
				GCC_DYNAMIC_NO_PIC = NO;
				GCC_NO_COMMON_BLOCKS = YES;
				GCC_OPTIMIZATION_LEVEL = 0;
				GCC_PREPROCESSOR_DEFINITIONS = (
					"DEBUG=1",
					"$(inherited)",
				);
				GCC_WARN_64_TO_32_BIT_CONVERSION = YES;
				GCC_WARN_ABOUT_RETURN_TYPE = YES_ERROR;
				GCC_WARN_UNDECLARED_SELECTOR = YES;
				GCC_WARN_UNINITIALIZED_AUTOS = YES_AGGRESSIVE;
				GCC_WARN_UNUSED_FUNCTION = YES;
				GCC_WARN_UNUSED_VARIABLE = YES;
				IPHONEOS_DEPLOYMENT_TARGET = 14.4;
				MTL_ENABLE_DEBUG_INFO = INCLUDE_SOURCE;
				MTL_FAST_MATH = YES;
				ONLY_ACTIVE_ARCH = YES;
				SDKROOT = iphoneos;
				SWIFT_ACTIVE_COMPILATION_CONDITIONS = DEBUG;
				SWIFT_OPTIMIZATION_LEVEL = "-Onone";
			};
			name = Debug;
		};
		4DB6EBC026200CFF004CF5F8 /* Release */ = {
			isa = XCBuildConfiguration;
			buildSettings = {
				ALWAYS_SEARCH_USER_PATHS = NO;
				CLANG_ANALYZER_NONNULL = YES;
				CLANG_ANALYZER_NUMBER_OBJECT_CONVERSION = YES_AGGRESSIVE;
				CLANG_CXX_LANGUAGE_STANDARD = "gnu++14";
				CLANG_CXX_LIBRARY = "libc++";
				CLANG_ENABLE_MODULES = YES;
				CLANG_ENABLE_OBJC_ARC = YES;
				CLANG_ENABLE_OBJC_WEAK = YES;
				CLANG_WARN_BLOCK_CAPTURE_AUTORELEASING = YES;
				CLANG_WARN_BOOL_CONVERSION = YES;
				CLANG_WARN_COMMA = YES;
				CLANG_WARN_CONSTANT_CONVERSION = YES;
				CLANG_WARN_DEPRECATED_OBJC_IMPLEMENTATIONS = YES;
				CLANG_WARN_DIRECT_OBJC_ISA_USAGE = YES_ERROR;
				CLANG_WARN_DOCUMENTATION_COMMENTS = YES;
				CLANG_WARN_EMPTY_BODY = YES;
				CLANG_WARN_ENUM_CONVERSION = YES;
				CLANG_WARN_INFINITE_RECURSION = YES;
				CLANG_WARN_INT_CONVERSION = YES;
				CLANG_WARN_NON_LITERAL_NULL_CONVERSION = YES;
				CLANG_WARN_OBJC_IMPLICIT_RETAIN_SELF = YES;
				CLANG_WARN_OBJC_LITERAL_CONVERSION = YES;
				CLANG_WARN_OBJC_ROOT_CLASS = YES_ERROR;
				CLANG_WARN_QUOTED_INCLUDE_IN_FRAMEWORK_HEADER = YES;
				CLANG_WARN_RANGE_LOOP_ANALYSIS = YES;
				CLANG_WARN_STRICT_PROTOTYPES = YES;
				CLANG_WARN_SUSPICIOUS_MOVE = YES;
				CLANG_WARN_UNGUARDED_AVAILABILITY = YES_AGGRESSIVE;
				CLANG_WARN_UNREACHABLE_CODE = YES;
				CLANG_WARN__DUPLICATE_METHOD_MATCH = YES;
				COPY_PHASE_STRIP = NO;
				DEBUG_INFORMATION_FORMAT = "dwarf-with-dsym";
				ENABLE_NS_ASSERTIONS = NO;
				ENABLE_STRICT_OBJC_MSGSEND = YES;
				GCC_C_LANGUAGE_STANDARD = gnu11;
				GCC_NO_COMMON_BLOCKS = YES;
				GCC_WARN_64_TO_32_BIT_CONVERSION = YES;
				GCC_WARN_ABOUT_RETURN_TYPE = YES_ERROR;
				GCC_WARN_UNDECLARED_SELECTOR = YES;
				GCC_WARN_UNINITIALIZED_AUTOS = YES_AGGRESSIVE;
				GCC_WARN_UNUSED_FUNCTION = YES;
				GCC_WARN_UNUSED_VARIABLE = YES;
				IPHONEOS_DEPLOYMENT_TARGET = 14.4;
				MTL_ENABLE_DEBUG_INFO = NO;
				MTL_FAST_MATH = YES;
				SDKROOT = iphoneos;
				SWIFT_COMPILATION_MODE = wholemodule;
				SWIFT_OPTIMIZATION_LEVEL = "-O";
				VALIDATE_PRODUCT = YES;
			};
			name = Release;
		};
		4DB6EBC226200CFF004CF5F8 /* Debug */ = {
			isa = XCBuildConfiguration;
			buildSettings = {
				ASSETCATALOG_COMPILER_APPICON_NAME = AppIcon;
				ASSETCATALOG_COMPILER_GLOBAL_ACCENT_COLOR_NAME = AccentColor;
				CODE_SIGN_STYLE = Automatic;
				DEVELOPMENT_TEAM = 2YRMNUR4L7;
				INFOPLIST_FILE = TwitterFollowMap/Info.plist;
				LD_RUNPATH_SEARCH_PATHS = (
					"$(inherited)",
					"@executable_path/Frameworks",
				);
				PRODUCT_BUNDLE_IDENTIFIER = JJR.TwitterFollowMap;
				PRODUCT_NAME = "$(TARGET_NAME)";
				SWIFT_VERSION = 5.0;
				TARGETED_DEVICE_FAMILY = "1,2";
			};
			name = Debug;
		};
		4DB6EBC326200CFF004CF5F8 /* Release */ = {
			isa = XCBuildConfiguration;
			buildSettings = {
				ASSETCATALOG_COMPILER_APPICON_NAME = AppIcon;
				ASSETCATALOG_COMPILER_GLOBAL_ACCENT_COLOR_NAME = AccentColor;
				CODE_SIGN_STYLE = Automatic;
				DEVELOPMENT_TEAM = 2YRMNUR4L7;
				INFOPLIST_FILE = TwitterFollowMap/Info.plist;
				LD_RUNPATH_SEARCH_PATHS = (
					"$(inherited)",
					"@executable_path/Frameworks",
				);
				PRODUCT_BUNDLE_IDENTIFIER = JJR.TwitterFollowMap;
				PRODUCT_NAME = "$(TARGET_NAME)";
				SWIFT_VERSION = 5.0;
				TARGETED_DEVICE_FAMILY = "1,2";
			};
			name = Release;
		};
		4DB6EBC526200CFF004CF5F8 /* Debug */ = {
			isa = XCBuildConfiguration;
			buildSettings = {
				ALWAYS_EMBED_SWIFT_STANDARD_LIBRARIES = YES;
				BUNDLE_LOADER = "$(TEST_HOST)";
				CODE_SIGN_STYLE = Automatic;
				DEVELOPMENT_TEAM = 2YRMNUR4L7;
				INFOPLIST_FILE = TwitterFollowMapTests/Info.plist;
				IPHONEOS_DEPLOYMENT_TARGET = 14.4;
				LD_RUNPATH_SEARCH_PATHS = (
					"$(inherited)",
					"@executable_path/Frameworks",
					"@loader_path/Frameworks",
				);
				PRODUCT_BUNDLE_IDENTIFIER = JJR.TwitterFollowMapTests;
				PRODUCT_NAME = "$(TARGET_NAME)";
				SWIFT_VERSION = 5.0;
				TARGETED_DEVICE_FAMILY = "1,2";
				TEST_HOST = "$(BUILT_PRODUCTS_DIR)/TwitterFollowMap.app/TwitterFollowMap";
			};
			name = Debug;
		};
		4DB6EBC626200CFF004CF5F8 /* Release */ = {
			isa = XCBuildConfiguration;
			buildSettings = {
				ALWAYS_EMBED_SWIFT_STANDARD_LIBRARIES = YES;
				BUNDLE_LOADER = "$(TEST_HOST)";
				CODE_SIGN_STYLE = Automatic;
				DEVELOPMENT_TEAM = 2YRMNUR4L7;
				INFOPLIST_FILE = TwitterFollowMapTests/Info.plist;
				IPHONEOS_DEPLOYMENT_TARGET = 14.4;
				LD_RUNPATH_SEARCH_PATHS = (
					"$(inherited)",
					"@executable_path/Frameworks",
					"@loader_path/Frameworks",
				);
				PRODUCT_BUNDLE_IDENTIFIER = JJR.TwitterFollowMapTests;
				PRODUCT_NAME = "$(TARGET_NAME)";
				SWIFT_VERSION = 5.0;
				TARGETED_DEVICE_FAMILY = "1,2";
				TEST_HOST = "$(BUILT_PRODUCTS_DIR)/TwitterFollowMap.app/TwitterFollowMap";
			};
			name = Release;
		};
		4DB6EBC826200CFF004CF5F8 /* Debug */ = {
			isa = XCBuildConfiguration;
			buildSettings = {
				ALWAYS_EMBED_SWIFT_STANDARD_LIBRARIES = YES;
				CODE_SIGN_STYLE = Automatic;
				DEVELOPMENT_TEAM = 2YRMNUR4L7;
				INFOPLIST_FILE = TwitterFollowMapUITests/Info.plist;
				LD_RUNPATH_SEARCH_PATHS = (
					"$(inherited)",
					"@executable_path/Frameworks",
					"@loader_path/Frameworks",
				);
				PRODUCT_BUNDLE_IDENTIFIER = JJR.TwitterFollowMapUITests;
				PRODUCT_NAME = "$(TARGET_NAME)";
				SWIFT_VERSION = 5.0;
				TARGETED_DEVICE_FAMILY = "1,2";
				TEST_TARGET_NAME = TwitterFollowMap;
			};
			name = Debug;
		};
		4DB6EBC926200CFF004CF5F8 /* Release */ = {
			isa = XCBuildConfiguration;
			buildSettings = {
				ALWAYS_EMBED_SWIFT_STANDARD_LIBRARIES = YES;
				CODE_SIGN_STYLE = Automatic;
				DEVELOPMENT_TEAM = 2YRMNUR4L7;
				INFOPLIST_FILE = TwitterFollowMapUITests/Info.plist;
				LD_RUNPATH_SEARCH_PATHS = (
					"$(inherited)",
					"@executable_path/Frameworks",
					"@loader_path/Frameworks",
				);
				PRODUCT_BUNDLE_IDENTIFIER = JJR.TwitterFollowMapUITests;
				PRODUCT_NAME = "$(TARGET_NAME)";
				SWIFT_VERSION = 5.0;
				TARGETED_DEVICE_FAMILY = "1,2";
				TEST_TARGET_NAME = TwitterFollowMap;
			};
			name = Release;
		};
/* End XCBuildConfiguration section */

/* Begin XCConfigurationList section */
		4DB6EB9226200CF9004CF5F8 /* Build configuration list for PBXProject "TwitterFollowMap" */ = {
			isa = XCConfigurationList;
			buildConfigurations = (
				4DB6EBBF26200CFF004CF5F8 /* Debug */,
				4DB6EBC026200CFF004CF5F8 /* Release */,
			);
			defaultConfigurationIsVisible = 0;
			defaultConfigurationName = Release;
		};
		4DB6EBC126200CFF004CF5F8 /* Build configuration list for PBXNativeTarget "TwitterFollowMap" */ = {
			isa = XCConfigurationList;
			buildConfigurations = (
				4DB6EBC226200CFF004CF5F8 /* Debug */,
				4DB6EBC326200CFF004CF5F8 /* Release */,
			);
			defaultConfigurationIsVisible = 0;
			defaultConfigurationName = Release;
		};
		4DB6EBC426200CFF004CF5F8 /* Build configuration list for PBXNativeTarget "TwitterFollowMapTests" */ = {
			isa = XCConfigurationList;
			buildConfigurations = (
				4DB6EBC526200CFF004CF5F8 /* Debug */,
				4DB6EBC626200CFF004CF5F8 /* Release */,
			);
			defaultConfigurationIsVisible = 0;
			defaultConfigurationName = Release;
		};
		4DB6EBC726200CFF004CF5F8 /* Build configuration list for PBXNativeTarget "TwitterFollowMapUITests" */ = {
			isa = XCConfigurationList;
			buildConfigurations = (
				4DB6EBC826200CFF004CF5F8 /* Debug */,
				4DB6EBC926200CFF004CF5F8 /* Release */,
			);
			defaultConfigurationIsVisible = 0;
			defaultConfigurationName = Release;
		};
/* End XCConfigurationList section */
	};
	rootObject = 4DB6EB8F26200CF9004CF5F8 /* Project object */;
}
